
Microsoft Visual Studio Solution File, Format Version 12.00
# Visual Studio Version 16
VisualStudioVersion = 16.0.30406.217
MinimumVisualStudioVersion = 10.0.40219.1
Project("{FAE04EC0-301F-11D3-BF4B-00C04F79EFBC}") = "P3 LAB5 KOL1", "P3 LAB5 KOL1\P3 LAB5 KOL1.csproj", "{D68BE4F3-9856-4AC4-B040-B97B8C7F404A}"
EndProject
Global
	GlobalSection(SolutionConfigurationPlatforms) = preSolution
		Debug|Any CPU = Debug|Any CPU
		Release|Any CPU = Release|Any CPU
	EndGlobalSection
	GlobalSection(ProjectConfigurationPlatforms) = postSolution
		{D68BE4F3-9856-4AC4-B040-B97B8C7F404A}.Debug|Any CPU.ActiveCfg = Debug|Any CPU
		{D68BE4F3-9856-4AC4-B040-B97B8C7F404A}.Debug|Any CPU.Build.0 = Debug|Any CPU
		{D68BE4F3-9856-4AC4-B040-B97B8C7F404A}.Release|Any CPU.ActiveCfg = Release|Any CPU
		{D68BE4F3-9856-4AC4-B040-B97B8C7F404A}.Release|Any CPU.Build.0 = Release|Any CPU
	EndGlobalSection
	GlobalSection(SolutionProperties) = preSolution
		HideSolutionNode = FALSE
	EndGlobalSection
	GlobalSection(ExtensibilityGlobals) = postSolution
		SolutionGuid = {A0E77E66-BAF9-43FE-B60C-ABB12CE87E41}
	EndGlobalSection
EndGlobal
